
Microsoft Visual Studio Solution File, Format Version 12.00
# Visual Studio Version 17
VisualStudioVersion = 17.5.33414.496
MinimumVisualStudioVersion = 10.0.40219.1
Project("{FAE04EC0-301F-11D3-BF4B-00C04F79EFBC}") = "WeatherForecastApp", "Prueba2Concu\WeatherForecastApp.csproj", "{3E7F71F0-469B-4FFF-BA29-5250592CF6D2}"
EndProject
Project("{FAE04EC0-301F-11D3-BF4B-00C04F79EFBC}") = "WeatherForecastApp.WorkerService", "WeatherForecastApp.WorkerService\WeatherForecastApp.WorkerService.csproj", "{67754AD7-3BF5-4641-BBF0-79F15789DCC2}"
EndProject
Global
	GlobalSection(SolutionConfigurationPlatforms) = preSolution
		Debug|Any CPU = Debug|Any CPU
		Release|Any CPU = Release|Any CPU
	EndGlobalSection
	GlobalSection(ProjectConfigurationPlatforms) = postSolution
		{3E7F71F0-469B-4FFF-BA29-5250592CF6D2}.Debug|Any CPU.ActiveCfg = Debug|Any CPU
		{3E7F71F0-469B-4FFF-BA29-5250592CF6D2}.Debug|Any CPU.Build.0 = Debug|Any CPU
		{3E7F71F0-469B-4FFF-BA29-5250592CF6D2}.Release|Any CPU.ActiveCfg = Release|Any CPU
		{3E7F71F0-469B-4FFF-BA29-5250592CF6D2}.Release|Any CPU.Build.0 = Release|Any CPU
		{67754AD7-3BF5-4641-BBF0-79F15789DCC2}.Debug|Any CPU.ActiveCfg = Debug|Any CPU
		{67754AD7-3BF5-4641-BBF0-79F15789DCC2}.Debug|Any CPU.Build.0 = Debug|Any CPU
		{67754AD7-3BF5-4641-BBF0-79F15789DCC2}.Release|Any CPU.ActiveCfg = Release|Any CPU
		{67754AD7-3BF5-4641-BBF0-79F15789DCC2}.Release|Any CPU.Build.0 = Release|Any CPU
	EndGlobalSection
	GlobalSection(SolutionProperties) = preSolution
		HideSolutionNode = FALSE
	EndGlobalSection
	GlobalSection(ExtensibilityGlobals) = postSolution
		SolutionGuid = {F100E663-15A3-4188-8B1C-D30390FA5953}
	EndGlobalSection
EndGlobal
